
Microsoft Visual Studio Solution File, Format Version 12.00
# Visual Studio Version 16
VisualStudioVersion = 16.0.31229.75
MinimumVisualStudioVersion = 10.0.40219.1
Project("{FAE04EC0-301F-11D3-BF4B-00C04F79EFBC}") = "hw10", "hw10\hw10.csproj", "{3F7C5318-2AA4-4FF8-A791-862EBC90E6DE}"
EndProject
Global
	GlobalSection(SolutionConfigurationPlatforms) = preSolution
		Debug|Any CPU = Debug|Any CPU
		Release|Any CPU = Release|Any CPU
	EndGlobalSection
	GlobalSection(ProjectConfigurationPlatforms) = postSolution
		{3F7C5318-2AA4-4FF8-A791-862EBC90E6DE}.Debug|Any CPU.ActiveCfg = Debug|Any CPU
		{3F7C5318-2AA4-4FF8-A791-862EBC90E6DE}.Debug|Any CPU.Build.0 = Debug|Any CPU
		{3F7C5318-2AA4-4FF8-A791-862EBC90E6DE}.Release|Any CPU.ActiveCfg = Release|Any CPU
		{3F7C5318-2AA4-4FF8-A791-862EBC90E6DE}.Release|Any CPU.Build.0 = Release|Any CPU
	EndGlobalSection
	GlobalSection(SolutionProperties) = preSolution
		HideSolutionNode = FALSE
	EndGlobalSection
	GlobalSection(ExtensibilityGlobals) = postSolution
		SolutionGuid = {001CC473-BB1F-433C-961B-E68E0CF27169}
	EndGlobalSection
EndGlobal
