
Microsoft Visual Studio Solution File, Format Version 12.00
# Visual Studio Version 16
VisualStudioVersion = 16.0.31112.23
MinimumVisualStudioVersion = 10.0.40219.1
Project("{FAE04EC0-301F-11D3-BF4B-00C04F79EFBC}") = "Presentation", "Presentation\Presentation.csproj", "{FD837D4A-870D-4A24-BD75-B464002DBCFE}"
EndProject
Project("{FAE04EC0-301F-11D3-BF4B-00C04F79EFBC}") = "GeometryInheritance", "GeometryInheritance\GeometryInheritance.csproj", "{07654EB0-6F7C-4043-B59A-235AF2935C6B}"
EndProject
Project("{FAE04EC0-301F-11D3-BF4B-00C04F79EFBC}") = "Aircraft", "Aircraft\Aircraft.csproj", "{B0C8A8D1-D180-4D19-932B-85084DA87669}"
EndProject
Global
	GlobalSection(SolutionConfigurationPlatforms) = preSolution
		Debug|Any CPU = Debug|Any CPU
		Release|Any CPU = Release|Any CPU
	EndGlobalSection
	GlobalSection(ProjectConfigurationPlatforms) = postSolution
		{FD837D4A-870D-4A24-BD75-B464002DBCFE}.Debug|Any CPU.ActiveCfg = Debug|Any CPU
		{FD837D4A-870D-4A24-BD75-B464002DBCFE}.Debug|Any CPU.Build.0 = Debug|Any CPU
		{FD837D4A-870D-4A24-BD75-B464002DBCFE}.Release|Any CPU.ActiveCfg = Release|Any CPU
		{FD837D4A-870D-4A24-BD75-B464002DBCFE}.Release|Any CPU.Build.0 = Release|Any CPU
		{07654EB0-6F7C-4043-B59A-235AF2935C6B}.Debug|Any CPU.ActiveCfg = Debug|Any CPU
		{07654EB0-6F7C-4043-B59A-235AF2935C6B}.Debug|Any CPU.Build.0 = Debug|Any CPU
		{07654EB0-6F7C-4043-B59A-235AF2935C6B}.Release|Any CPU.ActiveCfg = Release|Any CPU
		{07654EB0-6F7C-4043-B59A-235AF2935C6B}.Release|Any CPU.Build.0 = Release|Any CPU
		{B0C8A8D1-D180-4D19-932B-85084DA87669}.Debug|Any CPU.ActiveCfg = Debug|Any CPU
		{B0C8A8D1-D180-4D19-932B-85084DA87669}.Debug|Any CPU.Build.0 = Debug|Any CPU
		{B0C8A8D1-D180-4D19-932B-85084DA87669}.Release|Any CPU.ActiveCfg = Release|Any CPU
		{B0C8A8D1-D180-4D19-932B-85084DA87669}.Release|Any CPU.Build.0 = Release|Any CPU
	EndGlobalSection
	GlobalSection(SolutionProperties) = preSolution
		HideSolutionNode = FALSE
	EndGlobalSection
	GlobalSection(ExtensibilityGlobals) = postSolution
		SolutionGuid = {F03D1661-AB9E-49F6-9F27-EE5CB920E83B}
	EndGlobalSection
EndGlobal
