
Microsoft Visual Studio Solution File, Format Version 12.00
# Visual Studio Version 16
VisualStudioVersion = 16.0.31321.278
MinimumVisualStudioVersion = 10.0.40219.1
Project("{FAE04EC0-301F-11D3-BF4B-00C04F79EFBC}") = "Bank", "Bank\Bank.csproj", "{C72EDFE4-350F-4503-8F61-38BB10DAB64B}"
EndProject
Project("{FAE04EC0-301F-11D3-BF4B-00C04F79EFBC}") = "PhysicalPerson", "PhysicalPerson\PhysicalPerson.csproj", "{BA4D6A23-D3DF-431A-B07D-FBD680AAAAF4}"
EndProject
Project("{FAE04EC0-301F-11D3-BF4B-00C04F79EFBC}") = "BankForm", "BankForm\BankForm.csproj", "{0AACCB93-9ABA-4EDC-88CA-09BFD2769EDB}"
EndProject
Global
	GlobalSection(SolutionConfigurationPlatforms) = preSolution
		Debug|Any CPU = Debug|Any CPU
		Release|Any CPU = Release|Any CPU
	EndGlobalSection
	GlobalSection(ProjectConfigurationPlatforms) = postSolution
		{C72EDFE4-350F-4503-8F61-38BB10DAB64B}.Debug|Any CPU.ActiveCfg = Debug|Any CPU
		{C72EDFE4-350F-4503-8F61-38BB10DAB64B}.Debug|Any CPU.Build.0 = Debug|Any CPU
		{C72EDFE4-350F-4503-8F61-38BB10DAB64B}.Release|Any CPU.ActiveCfg = Release|Any CPU
		{C72EDFE4-350F-4503-8F61-38BB10DAB64B}.Release|Any CPU.Build.0 = Release|Any CPU
		{BA4D6A23-D3DF-431A-B07D-FBD680AAAAF4}.Debug|Any CPU.ActiveCfg = Debug|Any CPU
		{BA4D6A23-D3DF-431A-B07D-FBD680AAAAF4}.Debug|Any CPU.Build.0 = Debug|Any CPU
		{BA4D6A23-D3DF-431A-B07D-FBD680AAAAF4}.Release|Any CPU.ActiveCfg = Release|Any CPU
		{BA4D6A23-D3DF-431A-B07D-FBD680AAAAF4}.Release|Any CPU.Build.0 = Release|Any CPU
		{0AACCB93-9ABA-4EDC-88CA-09BFD2769EDB}.Debug|Any CPU.ActiveCfg = Debug|Any CPU
		{0AACCB93-9ABA-4EDC-88CA-09BFD2769EDB}.Debug|Any CPU.Build.0 = Debug|Any CPU
		{0AACCB93-9ABA-4EDC-88CA-09BFD2769EDB}.Release|Any CPU.ActiveCfg = Release|Any CPU
		{0AACCB93-9ABA-4EDC-88CA-09BFD2769EDB}.Release|Any CPU.Build.0 = Release|Any CPU
	EndGlobalSection
	GlobalSection(SolutionProperties) = preSolution
		HideSolutionNode = FALSE
	EndGlobalSection
	GlobalSection(ExtensibilityGlobals) = postSolution
		SolutionGuid = {FE2A4AFC-F69F-4D17-8984-DE7ECDDE57F9}
	EndGlobalSection
EndGlobal
