
Microsoft Visual Studio Solution File, Format Version 12.00
# Visual Studio Version 16
VisualStudioVersion = 16.0.31112.23
MinimumVisualStudioVersion = 10.0.40219.1
Project("{FAE04EC0-301F-11D3-BF4B-00C04F79EFBC}") = "Temp", "Temp\Temp.csproj", "{5369EC79-A5BF-4EDB-927D-41995B6D8AFB}"
EndProject
Global
	GlobalSection(SolutionConfigurationPlatforms) = preSolution
		Debug|Any CPU = Debug|Any CPU
		Release|Any CPU = Release|Any CPU
	EndGlobalSection
	GlobalSection(ProjectConfigurationPlatforms) = postSolution
		{5369EC79-A5BF-4EDB-927D-41995B6D8AFB}.Debug|Any CPU.ActiveCfg = Debug|Any CPU
		{5369EC79-A5BF-4EDB-927D-41995B6D8AFB}.Debug|Any CPU.Build.0 = Debug|Any CPU
		{5369EC79-A5BF-4EDB-927D-41995B6D8AFB}.Release|Any CPU.ActiveCfg = Release|Any CPU
		{5369EC79-A5BF-4EDB-927D-41995B6D8AFB}.Release|Any CPU.Build.0 = Release|Any CPU
	EndGlobalSection
	GlobalSection(SolutionProperties) = preSolution
		HideSolutionNode = FALSE
	EndGlobalSection
	GlobalSection(ExtensibilityGlobals) = postSolution
		SolutionGuid = {7133C8AF-B2D2-4B0B-A5FA-D2E07812F2BB}
	EndGlobalSection
EndGlobal
